Microsoft Visual Studio Solution File, Format Version 12.00
# Visual Studio Version 17
VisualStudioVersion = 17.5.2.0
MinimumVisualStudioVersion = 10.0.40219.1
Project("{FAE04EC0-301F-11D3-BF4B-00C04F79EFBC}") = "Condicionales1", "Condicionales1\Condicionales1.csproj", "{D5FEB644-FD2F-EEEC-0BE0-0DB32CA84EA9}"
EndProject
Project("{FAE04EC0-301F-11D3-BF4B-00C04F79EFBC}") = "Secuencial", "Secuencial\Secuencial.csproj", "{1F631FFD-AF75-00E6-A63A-0329630B0274}"
EndProject
Global
	GlobalSection(SolutionConfigurationPlatforms) = preSolution
		Debug|Any CPU = Debug|Any CPU
		Release|Any CPU = Release|Any CPU
	EndGlobalSection
	GlobalSection(ProjectConfigurationPlatforms) = postSolution
		{D5FEB644-FD2F-EEEC-0BE0-0DB32CA84EA9}.Debug|Any CPU.ActiveCfg = Debug|Any CPU
		{D5FEB644-FD2F-EEEC-0BE0-0DB32CA84EA9}.Debug|Any CPU.Build.0 = Debug|Any CPU
		{D5FEB644-FD2F-EEEC-0BE0-0DB32CA84EA9}.Release|Any CPU.ActiveCfg = Release|Any CPU
		{D5FEB644-FD2F-EEEC-0BE0-0DB32CA84EA9}.Release|Any CPU.Build.0 = Release|Any CPU
		{1F631FFD-AF75-00E6-A63A-0329630B0274}.Debug|Any CPU.ActiveCfg = Debug|Any CPU
		{1F631FFD-AF75-00E6-A63A-0329630B0274}.Debug|Any CPU.Build.0 = Debug|Any CPU
		{1F631FFD-AF75-00E6-A63A-0329630B0274}.Release|Any CPU.ActiveCfg = Release|Any CPU
		{1F631FFD-AF75-00E6-A63A-0329630B0274}.Release|Any CPU.Build.0 = Release|Any CPU
	EndGlobalSection
	GlobalSection(SolutionProperties) = preSolution
		HideSolutionNode = FALSE
	EndGlobalSection
	GlobalSection(ExtensibilityGlobals) = postSolution
		SolutionGuid = {78814127-AB63-42C9-8A07-B0C517559DFC}
	EndGlobalSection
EndGlobal
